// !$*UTF8*$!
{
	archiveVersion = 1;
	classes = {
	};
	objectVersion = 46;
	objects = {

/* Begin PBXBuildFile section */
		21B012CF1AEBA147009E9ACF /* CityTableViewController.swift in Sources */ = {isa = PBXBuildFile; fileRef = 21B012CE1AEBA147009E9ACF /* CityTableViewController.swift */; };
		21D484301AEB9A7700EB7DF4 /* AppDelegate.swift in Sources */ = {isa = PBXBuildFile; fileRef = 21D4842F1AEB9A7700EB7DF4 /* AppDelegate.swift */; };
		21D484321AEB9A7700EB7DF4 /* ViewController.swift in Sources */ = {isa = PBXBuildFile; fileRef = 21D484311AEB9A7700EB7DF4 /* ViewController.swift */; };
		21D484351AEB9A7700EB7DF4 /* Main.storyboard in Resources */ = {isa = PBXBuildFile; fileRef = 21D484331AEB9A7700EB7DF4 /* Main.storyboard */; };
		21D484371AEB9A7700EB7DF4 /* Images.xcassets in Resources */ = {isa = PBXBuildFile; fileRef = 21D484361AEB9A7700EB7DF4 /* Images.xcassets */; };
		21D4843A1AEB9A7700EB7DF4 /* LaunchScreen.xib in Resources */ = {isa = PBXBuildFile; fileRef = 21D484381AEB9A7700EB7DF4 /* LaunchScreen.xib */; };
		21D484461AEB9A7700EB7DF4 /* CityLiveTests.swift in Sources */ = {isa = PBXBuildFile; fileRef = 21D484451AEB9A7700EB7DF4 /* CityLiveTests.swift */; };
		4138B846D8098463F5E7DCFC /* Pods_CityLive.framework in Frameworks */ = {isa = PBXBuildFile; fileRef = 14D81C8D5E5F0E1A07C52342 /* Pods_CityLive.framework */; settings = {ATTRIBUTES = (Weak, ); }; };
/* End PBXBuildFile section */

/* Begin PBXContainerItemProxy section */
		21D484401AEB9A7700EB7DF4 /* PBXContainerItemProxy */ = {
			isa = PBXContainerItemProxy;
			containerPortal = 21D484221AEB9A7700EB7DF4 /* Project object */;
			proxyType = 1;
			remoteGlobalIDString = 21D484291AEB9A7700EB7DF4;
			remoteInfo = CityLive;
		};
/* End PBXContainerItemProxy section */

/* Begin PBXFileReference section */
		14D81C8D5E5F0E1A07C52342 /* Pods_CityLive.framework */ = {isa = PBXFileReference; explicitFileType = wrapper.framework; includeInIndex = 0; path = Pods_CityLive.framework; sourceTree = BUILT_PRODUCTS_DIR; };
		1717AF9284C1CE6B26140584 /* Pods-CityLive.release.xcconfig */ = {isa = PBXFileReference; includeInIndex = 1; lastKnownFileType = text.xcconfig; name = "Pods-CityLive.release.xcconfig"; path = "Pods/Target Support Files/Pods-CityLive/Pods-CityLive.release.xcconfig"; sourceTree = "<group>"; };
		21B012CE1AEBA147009E9ACF /* CityTableViewController.swift */ = {isa = PBXFileReference; fileEncoding = 4; lastKnownFileType = sourcecode.swift; path = CityTableViewController.swift; sourceTree = "<group>"; };
		21D4842A1AEB9A7700EB7DF4 /* CityLive.app */ = {isa = PBXFileReference; explicitFileType = wrapper.application; includeInIndex = 0; path = CityLive.app; sourceTree = BUILT_PRODUCTS_DIR; };
		21D4842E1AEB9A7700EB7DF4 /* Info.plist */ = {isa = PBXFileReference; lastKnownFileType = text.plist.xml; path = Info.plist; sourceTree = "<group>"; };
		21D4842F1AEB9A7700EB7DF4 /* AppDelegate.swift */ = {isa = PBXFileReference; lastKnownFileType = sourcecode.swift; path = AppDelegate.swift; sourceTree = "<group>"; };
		21D484311AEB9A7700EB7DF4 /* ViewController.swift */ = {isa = PBXFileReference; lastKnownFileType = sourcecode.swift; path = ViewController.swift; sourceTree = "<group>"; };
		21D484341AEB9A7700EB7DF4 /* Base */ = {isa = PBXFileReference; lastKnownFileType = file.storyboard; name = Base; path = Base.lproj/Main.storyboard; sourceTree = "<group>"; };
		21D484361AEB9A7700EB7DF4 /* Images.xcassets */ = {isa = PBXFileReference; lastKnownFileType = folder.assetcatalog; path = Images.xcassets; sourceTree = "<group>"; };
		21D484391AEB9A7700EB7DF4 /* Base */ = {isa = PBXFileReference; lastKnownFileType = file.xib; name = Base; path = Base.lproj/LaunchScreen.xib; sourceTree = "<group>"; };
		21D4843F1AEB9A7700EB7DF4 /* CityLiveTests.xctest */ = {isa = PBXFileReference; explicitFileType = wrapper.cfbundle; includeInIndex = 0; path = CityLiveTests.xctest; sourceTree = BUILT_PRODUCTS_DIR; };
		21D484441AEB9A7700EB7DF4 /* Info.plist */ = {isa = PBXFileReference; lastKnownFileType = text.plist.xml; path = Info.plist; sourceTree = "<group>"; };
		21D484451AEB9A7700EB7DF4 /* CityLiveTests.swift */ = {isa = PBXFileReference; lastKnownFileType = sourcecode.swift; path = CityLiveTests.swift; sourceTree = "<group>"; };
		7A6EF62268A8F2E34202D892 /* Pods-CityLive.debug.xcconfig */ = {isa = PBXFileReference; includeInIndex = 1; lastKnownFileType = text.xcconfig; name = "Pods-CityLive.debug.xcconfig"; path = "Pods/Target Support Files/Pods-CityLive/Pods-CityLive.debug.xcconfig"; sourceTree = "<group>"; };
/* End PBXFileReference section */

/* Begin PBXFrameworksBuildPhase section */
		21D484271AEB9A7700EB7DF4 /* Frameworks */ = {
			isa = PBXFrameworksBuildPhase;
			buildActionMask = 2147483647;
			files = (
				4138B846D8098463F5E7DCFC /* Pods_CityLive.framework in Frameworks */,
			);
			runOnlyForDeploymentPostprocessing = 0;
		};
		21D4843C1AEB9A7700EB7DF4 /* Frameworks */ = {
			isa = PBXFrameworksBuildPhase;
			buildActionMask = 2147483647;
			files = (
			);
			runOnlyForDeploymentPostprocessing = 0;
		};
/* End PBXFrameworksBuildPhase section */

/* Begin PBXGroup section */
		21D484211AEB9A7700EB7DF4 = {
			isa = PBXGroup;
			children = (
				21D4842C1AEB9A7700EB7DF4 /* CityLive */,
				21D484421AEB9A7700EB7DF4 /* CityLiveTests */,
				21D4842B1AEB9A7700EB7DF4 /* Products */,
				352ABE24A394C19D6592E2EE /* Pods */,
				93FF6C15388BB3BE598BACAF /* Frameworks */,
			);
			sourceTree = "<group>";
		};
		21D4842B1AEB9A7700EB7DF4 /* Products */ = {
			isa = PBXGroup;
			children = (
				21D4842A1AEB9A7700EB7DF4 /* CityLive.app */,
				21D4843F1AEB9A7700EB7DF4 /* CityLiveTests.xctest */,
			);
			name = Products;
			sourceTree = "<group>";
		};
		21D4842C1AEB9A7700EB7DF4 /* CityLive */ = {
			isa = PBXGroup;
			children = (
				21B012CE1AEBA147009E9ACF /* CityTableViewController.swift */,
				21D484311AEB9A7700EB7DF4 /* ViewController.swift */,
				21D484331AEB9A7700EB7DF4 /* Main.storyboard */,
				21D4842D1AEB9A7700EB7DF4 /* Supporting Files */,
			);
			path = CityLive;
			sourceTree = "<group>";
		};
		21D4842D1AEB9A7700EB7DF4 /* Supporting Files */ = {
			isa = PBXGroup;
			children = (
				21D484361AEB9A7700EB7DF4 /* Images.xcassets */,
				21D484381AEB9A7700EB7DF4 /* LaunchScreen.xib */,
				21D4842F1AEB9A7700EB7DF4 /* AppDelegate.swift */,
				21D4842E1AEB9A7700EB7DF4 /* Info.plist */,
			);
			name = "Supporting Files";
			sourceTree = "<group>";
		};
		21D484421AEB9A7700EB7DF4 /* CityLiveTests */ = {
			isa = PBXGroup;
			children = (
				21D484451AEB9A7700EB7DF4 /* CityLiveTests.swift */,
				21D484431AEB9A7700EB7DF4 /* Supporting Files */,
			);
			path = CityLiveTests;
			sourceTree = "<group>";
		};
		21D484431AEB9A7700EB7DF4 /* Supporting Files */ = {
			isa = PBXGroup;
			children = (
				21D484441AEB9A7700EB7DF4 /* Info.plist */,
			);
			name = "Supporting Files";
			sourceTree = "<group>";
		};
		352ABE24A394C19D6592E2EE /* Pods */ = {
			isa = PBXGroup;
			children = (
				7A6EF62268A8F2E34202D892 /* Pods-CityLive.debug.xcconfig */,
				1717AF9284C1CE6B26140584 /* Pods-CityLive.release.xcconfig */,
			);
			name = Pods;
			sourceTree = "<group>";
		};
		93FF6C15388BB3BE598BACAF /* Frameworks */ = {
			isa = PBXGroup;
			children = (
				14D81C8D5E5F0E1A07C52342 /* Pods_CityLive.framework */,
			);
			name = Frameworks;
			sourceTree = "<group>";
		};
/* End PBXGroup section */

/* Begin PBXNativeTarget section */
		21D484291AEB9A7700EB7DF4 /* CityLive */ = {
			isa = PBXNativeTarget;
			buildConfigurationList = 21D484491AEB9A7700EB7DF4 /* Build configuration list for PBXNativeTarget "CityLive" */;
			buildPhases = (
				D9FF0441373F89EF3C9199CA /* Check Pods Manifest.lock */,
				21D484261AEB9A7700EB7DF4 /* Sources */,
				21D484271AEB9A7700EB7DF4 /* Frameworks */,
				21D484281AEB9A7700EB7DF4 /* Resources */,
				DAF3581F24AEEBAA416E7262 /* Embed Pods Frameworks */,
				E3A73BCB1C799302F80658D1 /* Copy Pods Resources */,
			);
			buildRules = (
			);
			dependencies = (
			);
			name = CityLive;
			productName = CityLive;
			productReference = 21D4842A1AEB9A7700EB7DF4 /* CityLive.app */;
			productType = "com.apple.product-type.application";
		};
		21D4843E1AEB9A7700EB7DF4 /* CityLiveTests */ = {
			isa = PBXNativeTarget;
			buildConfigurationList = 21D4844C1AEB9A7700EB7DF4 /* Build configuration list for PBXNativeTarget "CityLiveTests" */;
			buildPhases = (
				21D4843B1AEB9A7700EB7DF4 /* Sources */,
				21D4843C1AEB9A7700EB7DF4 /* Frameworks */,
				21D4843D1AEB9A7700EB7DF4 /* Resources */,
			);
			buildRules = (
			);
			dependencies = (
				21D484411AEB9A7700EB7DF4 /* PBXTargetDependency */,
			);
			name = CityLiveTests;
			productName = CityLiveTests;
			productReference = 21D4843F1AEB9A7700EB7DF4 /* CityLiveTests.xctest */;
			productType = "com.apple.product-type.bundle.unit-test";
		};
/* End PBXNativeTarget section */

/* Begin PBXProject section */
		21D484221AEB9A7700EB7DF4 /* Project object */ = {
			isa = PBXProject;
			attributes = {
				LastUpgradeCheck = 0630;
				ORGANIZATIONNAME = archie;
				TargetAttributes = {
					21D484291AEB9A7700EB7DF4 = {
						CreatedOnToolsVersion = 6.3.1;
					};
					21D4843E1AEB9A7700EB7DF4 = {
						CreatedOnToolsVersion = 6.3.1;
						TestTargetID = 21D484291AEB9A7700EB7DF4;
					};
				};
			};
			buildConfigurationList = 21D484251AEB9A7700EB7DF4 /* Build configuration list for PBXProject "CityLive" */;
			compatibilityVersion = "Xcode 3.2";
			developmentRegion = English;
			hasScannedForEncodings = 0;
			knownRegions = (
				en,
				Base,
			);
			mainGroup = 21D484211AEB9A7700EB7DF4;
			productRefGroup = 21D4842B1AEB9A7700EB7DF4 /* Products */;
			projectDirPath = "";
			projectRoot = "";
			targets = (
				21D484291AEB9A7700EB7DF4 /* CityLive */,
				21D4843E1AEB9A7700EB7DF4 /* CityLiveTests */,
			);
		};
/* End PBXProject section */

/* Begin PBXResourcesBuildPhase section */
		21D484281AEB9A7700EB7DF4 /* Resources */ = {
			isa = PBXResourcesBuildPhase;
			buildActionMask = 2147483647;
			files = (
				21D484351AEB9A7700EB7DF4 /* Main.storyboard in Resources */,
				21D4843A1AEB9A7700EB7DF4 /* LaunchScreen.xib in Resources */,
				21D484371AEB9A7700EB7DF4 /* Images.xcassets in Resources */,
			);
			runOnlyForDeploymentPostprocessing = 0;
		};
		21D4843D1AEB9A7700EB7DF4 /* Resources */ = {
			isa = PBXResourcesBuildPhase;
			buildActionMask = 2147483647;
			files = (
			);
			runOnlyForDeploymentPostprocessing = 0;
		};
/* End PBXResourcesBuildPhase section */

/* Begin PBXShellScriptBuildPhase section */
		D9FF0441373F89EF3C9199CA /* Check Pods Manifest.lock */ = {
			isa = PBXShellScriptBuildPhase;
			buildActionMask = 2147483647;
			files = (
			);
			inputPaths = (
			);
			name = "Check Pods Manifest.lock";
			outputPaths = (
			);
			runOnlyForDeploymentPostprocessing = 0;
			shellPath = /bin/sh;
			shellScript = "diff \"${PODS_ROOT}/../Podfile.lock\" \"${PODS_ROOT}/Manifest.lock\" > /dev/null\nif [[ $? != 0 ]] ; then\n    cat << EOM\nerror: The sandbox is not in sync with the Podfile.lock. Run 'pod install' or update your CocoaPods installation.\nEOM\n    exit 1\nfi\n";
			showEnvVarsInLog = 0;
		};
		DAF3581F24AEEBAA416E7262 /* Embed Pods Frameworks */ = {
			isa = PBXShellScriptBuildPhase;
			buildActionMask = 2147483647;
			files = (
			);
			inputPaths = (
			);
			name = "Embed Pods Frameworks";
			outputPaths = (
			);
			runOnlyForDeploymentPostprocessing = 0;
			shellPath = /bin/sh;
			shellScript = "\"${SRCROOT}/Pods/Target Support Files/Pods-CityLive/Pods-CityLive-frameworks.sh\"\n";
			showEnvVarsInLog = 0;
		};
		E3A73BCB1C799302F80658D1 /* Copy Pods Resources */ = {
			isa = PBXShellScriptBuildPhase;
			buildActionMask = 2147483647;
			files = (
			);
			inputPaths = (
			);
			name = "Copy Pods Resources";
			outputPaths = (
			);
			runOnlyForDeploymentPostprocessing = 0;
			shellPath = /bin/sh;
			shellScript = "\"${SRCROOT}/Pods/Target Support Files/Pods-CityLive/Pods-CityLive-resources.sh\"\n";
			showEnvVarsInLog = 0;
		};
/* End PBXShellScriptBuildPhase section */

/* Begin PBXSourcesBuildPhase section */
		21D484261AEB9A7700EB7DF4 /* Sources */ = {
			isa = PBXSourcesBuildPhase;
			buildActionMask = 2147483647;
			files = (
				21B012CF1AEBA147009E9ACF /* CityTableViewController.swift in Sources */,
				21D484321AEB9A7700EB7DF4 /* ViewController.swift in Sources */,
				21D484301AEB9A7700EB7DF4 /* AppDelegate.swift in Sources */,
			);
			runOnlyForDeploymentPostprocessing = 0;
		};
		21D4843B1AEB9A7700EB7DF4 /* Sources */ = {
			isa = PBXSourcesBuildPhase;
			buildActionMask = 2147483647;
			files = (
				21D484461AEB9A7700EB7DF4 /* CityLiveTests.swift in Sources */,
			);
			runOnlyForDeploymentPostprocessing = 0;
		};
/* End PBXSourcesBuildPhase section */

/* Begin PBXTargetDependency section */
		21D484411AEB9A7700EB7DF4 /* PBXTargetDependency */ = {
			isa = PBXTargetDependency;
			target = 21D484291AEB9A7700EB7DF4 /* CityLive */;
			targetProxy = 21D484401AEB9A7700EB7DF4 /* PBXContainerItemProxy */;
		};
/* End PBXTargetDependency section */

/* Begin PBXVariantGroup section */
		21D484331AEB9A7700EB7DF4 /* Main.storyboard */ = {
			isa = PBXVariantGroup;
			children = (
				21D484341AEB9A7700EB7DF4 /* Base */,
			);
			name = Main.storyboard;
			sourceTree = "<group>";
		};
		21D484381AEB9A7700EB7DF4 /* LaunchScreen.xib */ = {
			isa = PBXVariantGroup;
			children = (
				21D484391AEB9A7700EB7DF4 /* Base */,
			);
			name = LaunchScreen.xib;
			sourceTree = "<group>";
		};
/* End PBXVariantGroup section */

/* Begin XCBuildConfiguration section */
		21D484471AEB9A7700EB7DF4 /* Debug */ = {
			isa = XCBuildConfiguration;
			buildSettings = {
				ALWAYS_SEARCH_USER_PATHS = NO;
				CLANG_CXX_LANGUAGE_STANDARD = "gnu++0x";
				CLANG_CXX_LIBRARY = "libc++";
				CLANG_ENABLE_MODULES = YES;
				CLANG_ENABLE_OBJC_ARC = YES;
				CLANG_WARN_BOOL_CONVERSION = YES;
				CLANG_WARN_CONSTANT_CONVERSION = YES;
				CLANG_WARN_DIRECT_OBJC_ISA_USAGE = YES_ERROR;
				CLANG_WARN_EMPTY_BODY = YES;
				CLANG_WARN_ENUM_CONVERSION = YES;
				CLANG_WARN_INT_CONVERSION = YES;
				CLANG_WARN_OBJC_ROOT_CLASS = YES_ERROR;
				CLANG_WARN_UNREACHABLE_CODE = YES;
				CLANG_WARN__DUPLICATE_METHOD_MATCH = YES;
				"CODE_SIGN_IDENTITY[sdk=iphoneos*]" = "iPhone Developer";
				COPY_PHASE_STRIP = NO;
				DEBUG_INFORMATION_FORMAT = "dwarf-with-dsym";
				ENABLE_STRICT_OBJC_MSGSEND = YES;
				GCC_C_LANGUAGE_STANDARD = gnu99;
				GCC_DYNAMIC_NO_PIC = NO;
				GCC_NO_COMMON_BLOCKS = YES;
				GCC_OPTIMIZATION_LEVEL = 0;
				GCC_PREPROCESSOR_DEFINITIONS = (
					"DEBUG=1",
					"$(inherited)",
				);
				GCC_SYMBOLS_PRIVATE_EXTERN = NO;
				GCC_WARN_64_TO_32_BIT_CONVERSION = YES;
				GCC_WARN_ABOUT_RETURN_TYPE = YES_ERROR;
				GCC_WARN_UNDECLARED_SELECTOR = YES;
				GCC_WARN_UNINITIALIZED_AUTOS = YES_AGGRESSIVE;
				GCC_WARN_UNUSED_FUNCTION = YES;
				GCC_WARN_UNUSED_VARIABLE = YES;
				IPHONEOS_DEPLOYMENT_TARGET = 8.3;
				MTL_ENABLE_DEBUG_INFO = YES;
				ONLY_ACTIVE_ARCH = YES;
				SDKROOT = iphoneos;
				SWIFT_OPTIMIZATION_LEVEL = "-Onone";
				TARGETED_DEVICE_FAMILY = "1,2";
			};
			name = Debug;
		};
		21D484481AEB9A7700EB7DF4 /* Release */ = {
			isa = XCBuildConfiguration;
			buildSettings = {
				ALWAYS_SEARCH_USER_PATHS = NO;
				CLANG_CXX_LANGUAGE_STANDARD = "gnu++0x";
				CLANG_CXX_LIBRARY = "libc++";
				CLANG_ENABLE_MODULES = YES;
				CLANG_ENABLE_OBJC_ARC = YES;
				CLANG_WARN_BOOL_CONVERSION = YES;
				CLANG_WARN_CONSTANT_CONVERSION = YES;
				CLANG_WARN_DIRECT_OBJC_ISA_USAGE = YES_ERROR;
				CLANG_WARN_EMPTY_BODY = YES;
				CLANG_WARN_ENUM_CONVERSION = YES;
				CLANG_WARN_INT_CONVERSION = YES;
				CLANG_WARN_OBJC_ROOT_CLASS = YES_ERROR;
				CLANG_WARN_UNREACHABLE_CODE = YES;
				CLANG_WARN__DUPLICATE_METHOD_MATCH = YES;
				"CODE_SIGN_IDENTITY[sdk=iphoneos*]" = "iPhone Developer";
				COPY_PHASE_STRIP = NO;
				DEBUG_INFORMATION_FORMAT = "dwarf-with-dsym";
				ENABLE_NS_ASSERTIONS = NO;
				ENABLE_STRICT_OBJC_MSGSEND = YES;
				GCC_C_LANGUAGE_STANDARD = gnu99;
				GCC_NO_COMMON_BLOCKS = YES;
				GCC_WARN_64_TO_32_BIT_CONVERSION = YES;
				GCC_WARN_ABOUT_RETURN_TYPE = YES_ERROR;
				GCC_WARN_UNDECLARED_SELECTOR = YES;
				GCC_WARN_UNINITIALIZED_AUTOS = YES_AGGRESSIVE;
				GCC_WARN_UNUSED_FUNCTION = YES;
				GCC_WARN_UNUSED_VARIABLE = YES;
				IPHONEOS_DEPLOYMENT_TARGET = 8.3;
				MTL_ENABLE_DEBUG_INFO = NO;
				SDKROOT = iphoneos;
				TARGETED_DEVICE_FAMILY = "1,2";
				VALIDATE_PRODUCT = YES;
			};
			name = Release;
		};
		21D4844A1AEB9A7700EB7DF4 /* Debug */ = {
			isa = XCBuildConfiguration;
			baseConfigurationReference = 7A6EF62268A8F2E34202D892 /* Pods-CityLive.debug.xcconfig */;
			buildSettings = {
				ASSETCATALOG_COMPILER_APPICON_NAME = AppIcon;
				INFOPLIST_FILE = CityLive/Info.plist;
				LD_RUNPATH_SEARCH_PATHS = "$(inherited) @executable_path/Frameworks";
				PRODUCT_NAME = "$(TARGET_NAME)";
			};
			name = Debug;
		};
		21D4844B1AEB9A7700EB7DF4 /* Release */ = {
			isa = XCBuildConfiguration;
			baseConfigurationReference = 1717AF9284C1CE6B26140584 /* Pods-CityLive.release.xcconfig */;
			buildSettings = {
				ASSETCATALOG_COMPILER_APPICON_NAME = AppIcon;
				INFOPLIST_FILE = CityLive/Info.plist;
				LD_RUNPATH_SEARCH_PATHS = "$(inherited) @executable_path/Frameworks";
				PRODUCT_NAME = "$(TARGET_NAME)";
			};
			name = Release;
		};
		21D4844D1AEB9A7700EB7DF4 /* Debug */ = {
			isa = XCBuildConfiguration;
			buildSettings = {
				BUNDLE_LOADER = "$(TEST_HOST)";
				FRAMEWORK_SEARCH_PATHS = (
					"$(SDKROOT)/Developer/Library/Frameworks",
					"$(inherited)",
				);
				GCC_PREPROCESSOR_DEFINITIONS = (
					"DEBUG=1",
					"$(inherited)",
				);
				INFOPLIST_FILE = CityLiveTests/Info.plist;
				LD_RUNPATH_SEARCH_PATHS = "$(inherited) @executable_path/Frameworks @loader_path/Frameworks";
				PRODUCT_NAME = "$(TARGET_NAME)";
				TEST_HOST = "$(BUILT_PRODUCTS_DIR)/CityLive.app/CityLive";
			};
			name = Debug;
		};
		21D4844E1AEB9A7700EB7DF4 /* Release */ = {
			isa = XCBuildConfiguration;
			buildSettings = {
				BUNDLE_LOADER = "$(TEST_HOST)";
				FRAMEWORK_SEARCH_PATHS = (
					"$(SDKROOT)/Developer/Library/Frameworks",
					"$(inherited)",
				);
				INFOPLIST_FILE = CityLiveTests/Info.plist;
				LD_RUNPATH_SEARCH_PATHS = "$(inherited) @executable_path/Frameworks @loader_path/Frameworks";
				PRODUCT_NAME = "$(TARGET_NAME)";
				TEST_HOST = "$(BUILT_PRODUCTS_DIR)/CityLive.app/CityLive";
			};
			name = Release;
		};
/* End XCBuildConfiguration section */

/* Begin XCConfigurationList section */
		21D484251AEB9A7700EB7DF4 /* Build configuration list for PBXProject "CityLive" */ = {
			isa = XCConfigurationList;
			buildConfigurations = (
				21D484471AEB9A7700EB7DF4 /* Debug */,
				21D484481AEB9A7700EB7DF4 /* Release */,
			);
			defaultConfigurationIsVisible = 0;
			defaultConfigurationName = Release;
		};
		21D484491AEB9A7700EB7DF4 /* Build configuration list for PBXNativeTarget "CityLive" */ = {
			isa = XCConfigurationList;
			buildConfigurations = (
				21D4844A1AEB9A7700EB7DF4 /* Debug */,
				21D4844B1AEB9A7700EB7DF4 /* Release */,
			);
			defaultConfigurationIsVisible = 0;
			defaultConfigurationName = Release;
		};
		21D4844C1AEB9A7700EB7DF4 /* Build configuration list for PBXNativeTarget "CityLiveTests" */ = {
			isa = XCConfigurationList;
			buildConfigurations = (
				21D4844D1AEB9A7700EB7DF4 /* Debug */,
				21D4844E1AEB9A7700EB7DF4 /* Release */,
			);
			defaultConfigurationIsVisible = 0;
			defaultConfigurationName = Release;
		};
/* End XCConfigurationList section */
	};
	rootObject = 21D484221AEB9A7700EB7DF4 /* Project object */;
}
